
Microsoft Visual Studio Solution File, Format Version 12.00
# Visual Studio Version 17
VisualStudioVersion = 17.3.32929.385
MinimumVisualStudioVersion = 10.0.40219.1
Project("{FAE04EC0-301F-11D3-BF4B-00C04F79EFBC}") = "suma_digitos", "suma_digitos\suma_digitos.csproj", "{5E15032F-8451-4B51-B241-B38854E11910}"
EndProject
Global
	GlobalSection(SolutionConfigurationPlatforms) = preSolution
		Debug|Any CPU = Debug|Any CPU
		Release|Any CPU = Release|Any CPU
	EndGlobalSection
	GlobalSection(ProjectConfigurationPlatforms) = postSolution
		{5E15032F-8451-4B51-B241-B38854E11910}.Debug|Any CPU.ActiveCfg = Debug|Any CPU
		{5E15032F-8451-4B51-B241-B38854E11910}.Debug|Any CPU.Build.0 = Debug|Any CPU
		{5E15032F-8451-4B51-B241-B38854E11910}.Release|Any CPU.ActiveCfg = Release|Any CPU
		{5E15032F-8451-4B51-B241-B38854E11910}.Release|Any CPU.Build.0 = Release|Any CPU
	EndGlobalSection
	GlobalSection(SolutionProperties) = preSolution
		HideSolutionNode = FALSE
	EndGlobalSection
	GlobalSection(ExtensibilityGlobals) = postSolution
		SolutionGuid = {F50498F6-F546-4F30-9F7E-D317FF0A964D}
	EndGlobalSection
EndGlobal
